
Microsoft Visual Studio Solution File, Format Version 12.00
# Visual Studio Version 17
VisualStudioVersion = 17.3.32929.385
MinimumVisualStudioVersion = 10.0.40219.1
Project("{9092AA53-FB77-4645-B42D-1CCCA6BD08BD}") = "MomoManagement", "MomoManagement.njsproj", "{975A6AD1-A3E0-44E1-BD9C-64704BCE788A}"
EndProject
Global
	GlobalSection(SolutionConfigurationPlatforms) = preSolution
		Debug|Any CPU = Debug|Any CPU
		Release|Any CPU = Release|Any CPU
	EndGlobalSection
	GlobalSection(ProjectConfigurationPlatforms) = postSolution
		{975A6AD1-A3E0-44E1-BD9C-64704BCE788A}.Debug|Any CPU.ActiveCfg = Debug|Any CPU
		{975A6AD1-A3E0-44E1-BD9C-64704BCE788A}.Debug|Any CPU.Build.0 = Debug|Any CPU
		{975A6AD1-A3E0-44E1-BD9C-64704BCE788A}.Release|Any CPU.ActiveCfg = Release|Any CPU
		{975A6AD1-A3E0-44E1-BD9C-64704BCE788A}.Release|Any CPU.Build.0 = Release|Any CPU
	EndGlobalSection
	GlobalSection(SolutionProperties) = preSolution
		HideSolutionNode = FALSE
	EndGlobalSection
	GlobalSection(ExtensibilityGlobals) = postSolution
		SolutionGuid = {06BAFD2E-9B7C-4D21-91DB-7D52B50E5872}
	EndGlobalSection
EndGlobal
